
Microsoft Visual Studio Solution File, Format Version 12.00
# Visual Studio 15
VisualStudioVersion = 15.0.28307.1062
MinimumVisualStudioVersion = 10.0.40219.1
Project("{FAE04EC0-301F-11D3-BF4B-00C04F79EFBC}") = "Projecte_Flip.Android", "Projecte_Flip\Projecte_Flip.Android\Projecte_Flip.Android.csproj", "{7132A5F3-4F49-4F33-92BA-7200AC26EDB5}"
EndProject
Project("{FAE04EC0-301F-11D3-BF4B-00C04F79EFBC}") = "Projecte_Flip.iOS", "Projecte_Flip\Projecte_Flip.iOS\Projecte_Flip.iOS.csproj", "{9E0CD8A3-BE83-4F6B-A754-D6DEAE5D88E0}"
EndProject
Project("{FAE04EC0-301F-11D3-BF4B-00C04F79EFBC}") = "Projecte_Flip", "Projecte_Flip\Projecte_Flip\Projecte_Flip.csproj", "{5915B538-3DEB-4CBA-9A5D-696D5DA50BDC}"
EndProject
Global
	GlobalSection(SolutionConfigurationPlatforms) = preSolution
		Ad-Hoc|Any CPU = Ad-Hoc|Any CPU
		Ad-Hoc|iPhone = Ad-Hoc|iPhone
		Ad-Hoc|iPhoneSimulator = Ad-Hoc|iPhoneSimulator
		AppStore|Any CPU = AppStore|Any CPU
		AppStore|iPhone = AppStore|iPhone
		AppStore|iPhoneSimulator = AppStore|iPhoneSimulator
		Debug|Any CPU = Debug|Any CPU
		Debug|iPhone = Debug|iPhone
		Debug|iPhoneSimulator = Debug|iPhoneSimulator
		Release|Any CPU = Release|Any CPU
		Release|iPhone = Release|iPhone
		Release|iPhoneSimulator = Release|iPhoneSimulator
	EndGlobalSection
	GlobalSection(ProjectConfigurationPlatforms) = postSolution
		{7132A5F3-4F49-4F33-92BA-7200AC26EDB5}.Ad-Hoc|Any CPU.ActiveCfg = Release|Any CPU
		{7132A5F3-4F49-4F33-92BA-7200AC26EDB5}.Ad-Hoc|Any CPU.Build.0 = Release|Any CPU
		{7132A5F3-4F49-4F33-92BA-7200AC26EDB5}.Ad-Hoc|Any CPU.Deploy.0 = Release|Any CPU
		{7132A5F3-4F49-4F33-92BA-7200AC26EDB5}.Ad-Hoc|iPhone.ActiveCfg = Release|Any CPU
		{7132A5F3-4F49-4F33-92BA-7200AC26EDB5}.Ad-Hoc|iPhone.Build.0 = Release|Any CPU
		{7132A5F3-4F49-4F33-92BA-7200AC26EDB5}.Ad-Hoc|iPhone.Deploy.0 = Release|Any CPU
		{7132A5F3-4F49-4F33-92BA-7200AC26EDB5}.Ad-Hoc|iPhoneSimulator.ActiveCfg = Release|Any CPU
		{7132A5F3-4F49-4F33-92BA-7200AC26EDB5}.Ad-Hoc|iPhoneSimulator.Build.0 = Release|Any CPU
		{7132A5F3-4F49-4F33-92BA-7200AC26EDB5}.Ad-Hoc|iPhoneSimulator.Deploy.0 = Release|Any CPU
		{7132A5F3-4F49-4F33-92BA-7200AC26EDB5}.AppStore|Any CPU.ActiveCfg = Release|Any CPU
		{7132A5F3-4F49-4F33-92BA-7200AC26EDB5}.AppStore|Any CPU.Build.0 = Release|Any CPU
		{7132A5F3-4F49-4F33-92BA-7200AC26EDB5}.AppStore|Any CPU.Deploy.0 = Release|Any CPU
		{7132A5F3-4F49-4F33-92BA-7200AC26EDB5}.AppStore|iPhone.ActiveCfg = Release|Any CPU
		{7132A5F3-4F49-4F33-92BA-7200AC26EDB5}.AppStore|iPhone.Build.0 = Release|Any CPU
		{7132A5F3-4F49-4F33-92BA-7200AC26EDB5}.AppStore|iPhone.Deploy.0 = Release|Any CPU
		{7132A5F3-4F49-4F33-92BA-7200AC26EDB5}.AppStore|iPhoneSimulator.ActiveCfg = Release|Any CPU
		{7132A5F3-4F49-4F33-92BA-7200AC26EDB5}.AppStore|iPhoneSimulator.Build.0 = Release|Any CPU
		{7132A5F3-4F49-4F33-92BA-7200AC26EDB5}.AppStore|iPhoneSimulator.Deploy.0 = Release|Any CPU
		{7132A5F3-4F49-4F33-92BA-7200AC26EDB5}.Debug|Any CPU.ActiveCfg = Debug|Any CPU
		{7132A5F3-4F49-4F33-92BA-7200AC26EDB5}.Debug|Any CPU.Build.0 = Debug|Any CPU
		{7132A5F3-4F49-4F33-92BA-7200AC26EDB5}.Debug|Any CPU.Deploy.0 = Debug|Any CPU
		{7132A5F3-4F49-4F33-92BA-7200AC26EDB5}.Debug|iPhone.ActiveCfg = Debug|Any CPU
		{7132A5F3-4F49-4F33-92BA-7200AC26EDB5}.Debug|iPhone.Build.0 = Debug|Any CPU
		{7132A5F3-4F49-4F33-92BA-7200AC26EDB5}.Debug|iPhone.Deploy.0 = Debug|Any CPU
		{7132A5F3-4F49-4F33-92BA-7200AC26EDB5}.Debug|iPhoneSimulator.ActiveCfg = Debug|Any CPU
		{7132A5F3-4F49-4F33-92BA-7200AC26EDB5}.Debug|iPhoneSimulator.Build.0 = Debug|Any CPU
		{7132A5F3-4F49-4F33-92BA-7200AC26EDB5}.Debug|iPhoneSimulator.Deploy.0 = Debug|Any CPU
		{7132A5F3-4F49-4F33-92BA-7200AC26EDB5}.Release|Any CPU.ActiveCfg = Release|Any CPU
		{7132A5F3-4F49-4F33-92BA-7200AC26EDB5}.Release|Any CPU.Build.0 = Release|Any CPU
		{7132A5F3-4F49-4F33-92BA-7200AC26EDB5}.Release|Any CPU.Deploy.0 = Release|Any CPU
		{7132A5F3-4F49-4F33-92BA-7200AC26EDB5}.Release|iPhone.ActiveCfg = Release|Any CPU
		{7132A5F3-4F49-4F33-92BA-7200AC26EDB5}.Release|iPhone.Build.0 = Release|Any CPU
		{7132A5F3-4F49-4F33-92BA-7200AC26EDB5}.Release|iPhone.Deploy.0 = Release|Any CPU
		{7132A5F3-4F49-4F33-92BA-7200AC26EDB5}.Release|iPhoneSimulator.ActiveCfg = Release|Any CPU
		{7132A5F3-4F49-4F33-92BA-7200AC26EDB5}.Release|iPhoneSimulator.Build.0 = Release|Any CPU
		{7132A5F3-4F49-4F33-92BA-7200AC26EDB5}.Release|iPhoneSimulator.Deploy.0 = Release|Any CPU
		{9E0CD8A3-BE83-4F6B-A754-D6DEAE5D88E0}.Ad-Hoc|Any CPU.ActiveCfg = Ad-Hoc|iPhone
		{9E0CD8A3-BE83-4F6B-A754-D6DEAE5D88E0}.Ad-Hoc|Any CPU.Build.0 = Ad-Hoc|iPhone
		{9E0CD8A3-BE83-4F6B-A754-D6DEAE5D88E0}.Ad-Hoc|Any CPU.Deploy.0 = Ad-Hoc|iPhone
		{9E0CD8A3-BE83-4F6B-A754-D6DEAE5D88E0}.Ad-Hoc|iPhone.ActiveCfg = Ad-Hoc|iPhone
		{9E0CD8A3-BE83-4F6B-A754-D6DEAE5D88E0}.Ad-Hoc|iPhone.Build.0 = Ad-Hoc|iPhone
		{9E0CD8A3-BE83-4F6B-A754-D6DEAE5D88E0}.Ad-Hoc|iPhone.Deploy.0 = Ad-Hoc|iPhone
		{9E0CD8A3-BE83-4F6B-A754-D6DEAE5D88E0}.Ad-Hoc|iPhoneSimulator.ActiveCfg = Ad-Hoc|iPhoneSimulator
		{9E0CD8A3-BE83-4F6B-A754-D6DEAE5D88E0}.Ad-Hoc|iPhoneSimulator.Build.0 = Ad-Hoc|iPhoneSimulator
		{9E0CD8A3-BE83-4F6B-A754-D6DEAE5D88E0}.Ad-Hoc|iPhoneSimulator.Deploy.0 = Ad-Hoc|iPhoneSimulator
		{9E0CD8A3-BE83-4F6B-A754-D6DEAE5D88E0}.AppStore|Any CPU.ActiveCfg = AppStore|iPhone
		{9E0CD8A3-BE83-4F6B-A754-D6DEAE5D88E0}.AppStore|Any CPU.Build.0 = AppStore|iPhone
		{9E0CD8A3-BE83-4F6B-A754-D6DEAE5D88E0}.AppStore|Any CPU.Deploy.0 = AppStore|iPhone
		{9E0CD8A3-BE83-4F6B-A754-D6DEAE5D88E0}.AppStore|iPhone.ActiveCfg = AppStore|iPhone
		{9E0CD8A3-BE83-4F6B-A754-D6DEAE5D88E0}.AppStore|iPhone.Build.0 = AppStore|iPhone
		{9E0CD8A3-BE83-4F6B-A754-D6DEAE5D88E0}.AppStore|iPhone.Deploy.0 = AppStore|iPhone
		{9E0CD8A3-BE83-4F6B-A754-D6DEAE5D88E0}.AppStore|iPhoneSimulator.ActiveCfg = AppStore|iPhoneSimulator
		{9E0CD8A3-BE83-4F6B-A754-D6DEAE5D88E0}.AppStore|iPhoneSimulator.Build.0 = AppStore|iPhoneSimulator
		{9E0CD8A3-BE83-4F6B-A754-D6DEAE5D88E0}.AppStore|iPhoneSimulator.Deploy.0 = AppStore|iPhoneSimulator
		{9E0CD8A3-BE83-4F6B-A754-D6DEAE5D88E0}.Debug|Any CPU.ActiveCfg = Debug|iPhoneSimulator
		{9E0CD8A3-BE83-4F6B-A754-D6DEAE5D88E0}.Debug|Any CPU.Build.0 = Debug|iPhoneSimulator
		{9E0CD8A3-BE83-4F6B-A754-D6DEAE5D88E0}.Debug|Any CPU.Deploy.0 = Debug|iPhoneSimulator
		{9E0CD8A3-BE83-4F6B-A754-D6DEAE5D88E0}.Debug|iPhone.ActiveCfg = Debug|iPhone
		{9E0CD8A3-BE83-4F6B-A754-D6DEAE5D88E0}.Debug|iPhone.Build.0 = Debug|iPhone
		{9E0CD8A3-BE83-4F6B-A754-D6DEAE5D88E0}.Debug|iPhone.Deploy.0 = Debug|iPhone
		{9E0CD8A3-BE83-4F6B-A754-D6DEAE5D88E0}.Debug|iPhoneSimulator.ActiveCfg = Debug|iPhoneSimulator
		{9E0CD8A3-BE83-4F6B-A754-D6DEAE5D88E0}.Debug|iPhoneSimulator.Build.0 = Debug|iPhoneSimulator
		{9E0CD8A3-BE83-4F6B-A754-D6DEAE5D88E0}.Debug|iPhoneSimulator.Deploy.0 = Debug|iPhoneSimulator
		{9E0CD8A3-BE83-4F6B-A754-D6DEAE5D88E0}.Release|Any CPU.ActiveCfg = Release|iPhone
		{9E0CD8A3-BE83-4F6B-A754-D6DEAE5D88E0}.Release|Any CPU.Build.0 = Release|iPhone
		{9E0CD8A3-BE83-4F6B-A754-D6DEAE5D88E0}.Release|Any CPU.Deploy.0 = Release|iPhone
		{9E0CD8A3-BE83-4F6B-A754-D6DEAE5D88E0}.Release|iPhone.ActiveCfg = Release|iPhone
		{9E0CD8A3-BE83-4F6B-A754-D6DEAE5D88E0}.Release|iPhone.Build.0 = Release|iPhone
		{9E0CD8A3-BE83-4F6B-A754-D6DEAE5D88E0}.Release|iPhone.Deploy.0 = Release|iPhone
		{9E0CD8A3-BE83-4F6B-A754-D6DEAE5D88E0}.Release|iPhoneSimulator.ActiveCfg = Release|iPhoneSimulator
		{9E0CD8A3-BE83-4F6B-A754-D6DEAE5D88E0}.Release|iPhoneSimulator.Build.0 = Release|iPhoneSimulator
		{9E0CD8A3-BE83-4F6B-A754-D6DEAE5D88E0}.Release|iPhoneSimulator.Deploy.0 = Release|iPhoneSimulator
		{5915B538-3DEB-4CBA-9A5D-696D5DA50BDC}.Ad-Hoc|Any CPU.ActiveCfg = Debug|Any CPU
		{5915B538-3DEB-4CBA-9A5D-696D5DA50BDC}.Ad-Hoc|Any CPU.Build.0 = Debug|Any CPU
		{5915B538-3DEB-4CBA-9A5D-696D5DA50BDC}.Ad-Hoc|Any CPU.Deploy.0 = Debug|Any CPU
		{5915B538-3DEB-4CBA-9A5D-696D5DA50BDC}.Ad-Hoc|iPhone.ActiveCfg = Debug|Any CPU
		{5915B538-3DEB-4CBA-9A5D-696D5DA50BDC}.Ad-Hoc|iPhone.Build.0 = Debug|Any CPU
		{5915B538-3DEB-4CBA-9A5D-696D5DA50BDC}.Ad-Hoc|iPhone.Deploy.0 = Debug|Any CPU
		{5915B538-3DEB-4CBA-9A5D-696D5DA50BDC}.Ad-Hoc|iPhoneSimulator.ActiveCfg = Debug|Any CPU
		{5915B538-3DEB-4CBA-9A5D-696D5DA50BDC}.Ad-Hoc|iPhoneSimulator.Build.0 = Debug|Any CPU
		{5915B538-3DEB-4CBA-9A5D-696D5DA50BDC}.Ad-Hoc|iPhoneSimulator.Deploy.0 = Debug|Any CPU
		{5915B538-3DEB-4CBA-9A5D-696D5DA50BDC}.AppStore|Any CPU.ActiveCfg = Debug|Any CPU
		{5915B538-3DEB-4CBA-9A5D-696D5DA50BDC}.AppStore|Any CPU.Build.0 = Debug|Any CPU
		{5915B538-3DEB-4CBA-9A5D-696D5DA50BDC}.AppStore|Any CPU.Deploy.0 = Debug|Any CPU
		{5915B538-3DEB-4CBA-9A5D-696D5DA50BDC}.AppStore|iPhone.ActiveCfg = Debug|Any CPU
		{5915B538-3DEB-4CBA-9A5D-696D5DA50BDC}.AppStore|iPhone.Build.0 = Debug|Any CPU
		{5915B538-3DEB-4CBA-9A5D-696D5DA50BDC}.AppStore|iPhone.Deploy.0 = Debug|Any CPU
		{5915B538-3DEB-4CBA-9A5D-696D5DA50BDC}.AppStore|iPhoneSimulator.ActiveCfg = Debug|Any CPU
		{5915B538-3DEB-4CBA-9A5D-696D5DA50BDC}.AppStore|iPhoneSimulator.Build.0 = Debug|Any CPU
		{5915B538-3DEB-4CBA-9A5D-696D5DA50BDC}.AppStore|iPhoneSimulator.Deploy.0 = Debug|Any CPU
		{5915B538-3DEB-4CBA-9A5D-696D5DA50BDC}.Debug|Any CPU.ActiveCfg = Debug|Any CPU
		{5915B538-3DEB-4CBA-9A5D-696D5DA50BDC}.Debug|Any CPU.Build.0 = Debug|Any CPU
		{5915B538-3DEB-4CBA-9A5D-696D5DA50BDC}.Debug|Any CPU.Deploy.0 = Debug|Any CPU
		{5915B538-3DEB-4CBA-9A5D-696D5DA50BDC}.Debug|iPhone.ActiveCfg = Debug|Any CPU
		{5915B538-3DEB-4CBA-9A5D-696D5DA50BDC}.Debug|iPhone.Build.0 = Debug|Any CPU
		{5915B538-3DEB-4CBA-9A5D-696D5DA50BDC}.Debug|iPhone.Deploy.0 = Debug|Any CPU
		{5915B538-3DEB-4CBA-9A5D-696D5DA50BDC}.Debug|iPhoneSimulator.ActiveCfg = Debug|Any CPU
		{5915B538-3DEB-4CBA-9A5D-696D5DA50BDC}.Debug|iPhoneSimulator.Build.0 = Debug|Any CPU
		{5915B538-3DEB-4CBA-9A5D-696D5DA50BDC}.Debug|iPhoneSimulator.Deploy.0 = Debug|Any CPU
		{5915B538-3DEB-4CBA-9A5D-696D5DA50BDC}.Release|Any CPU.ActiveCfg = Release|Any CPU
		{5915B538-3DEB-4CBA-9A5D-696D5DA50BDC}.Release|Any CPU.Build.0 = Release|Any CPU
		{5915B538-3DEB-4CBA-9A5D-696D5DA50BDC}.Release|Any CPU.Deploy.0 = Release|Any CPU
		{5915B538-3DEB-4CBA-9A5D-696D5DA50BDC}.Release|iPhone.ActiveCfg = Release|Any CPU
		{5915B538-3DEB-4CBA-9A5D-696D5DA50BDC}.Release|iPhone.Build.0 = Release|Any CPU
		{5915B538-3DEB-4CBA-9A5D-696D5DA50BDC}.Release|iPhone.Deploy.0 = Release|Any CPU
		{5915B538-3DEB-4CBA-9A5D-696D5DA50BDC}.Release|iPhoneSimulator.ActiveCfg = Release|Any CPU
		{5915B538-3DEB-4CBA-9A5D-696D5DA50BDC}.Release|iPhoneSimulator.Build.0 = Release|Any CPU
		{5915B538-3DEB-4CBA-9A5D-696D5DA50BDC}.Release|iPhoneSimulator.Deploy.0 = Release|Any CPU
	EndGlobalSection
	GlobalSection(SolutionProperties) = preSolution
		HideSolutionNode = FALSE
	EndGlobalSection
	GlobalSection(ExtensibilityGlobals) = postSolution
		SolutionGuid = {1C930762-783A-4AF4-8932-CD477CDDB7D9}
	EndGlobalSection
EndGlobal
